
Microsoft Visual Studio Solution File, Format Version 12.00
# Visual Studio Version 16
VisualStudioVersion = 16.0.29318.209
MinimumVisualStudioVersion = 10.0.40219.1
Project("{FAE04EC0-301F-11D3-BF4B-00C04F79EFBC}") = "WebApp", "WebApp\WebApp.csproj", "{608F23A1-63CA-4941-A52E-55DEDE17635A}"
EndProject
Project("{FAE04EC0-301F-11D3-BF4B-00C04F79EFBC}") = "WebApplication1", "WebApplication1\WebApplication1.csproj", "{CE636AA2-E76E-4C0A-BB70-A88673FD42E5}"
EndProject
Global
	GlobalSection(SolutionConfigurationPlatforms) = preSolution
		Debug|Any CPU = Debug|Any CPU
		Release|Any CPU = Release|Any CPU
	EndGlobalSection
	GlobalSection(ProjectConfigurationPlatforms) = postSolution
		{608F23A1-63CA-4941-A52E-55DEDE17635A}.Debug|Any CPU.ActiveCfg = Debug|Any CPU
		{608F23A1-63CA-4941-A52E-55DEDE17635A}.Debug|Any CPU.Build.0 = Debug|Any CPU
		{608F23A1-63CA-4941-A52E-55DEDE17635A}.Release|Any CPU.ActiveCfg = Release|Any CPU
		{608F23A1-63CA-4941-A52E-55DEDE17635A}.Release|Any CPU.Build.0 = Release|Any CPU
		{CE636AA2-E76E-4C0A-BB70-A88673FD42E5}.Debug|Any CPU.ActiveCfg = Debug|Any CPU
		{CE636AA2-E76E-4C0A-BB70-A88673FD42E5}.Debug|Any CPU.Build.0 = Debug|Any CPU
		{CE636AA2-E76E-4C0A-BB70-A88673FD42E5}.Release|Any CPU.ActiveCfg = Release|Any CPU
		{CE636AA2-E76E-4C0A-BB70-A88673FD42E5}.Release|Any CPU.Build.0 = Release|Any CPU
	EndGlobalSection
	GlobalSection(SolutionProperties) = preSolution
		HideSolutionNode = FALSE
	EndGlobalSection
	GlobalSection(ExtensibilityGlobals) = postSolution
		SolutionGuid = {75431624-1ADE-4399-B6BF-F9FDEA544DE1}
	EndGlobalSection
EndGlobal
